// !$*UTF8*$!
{
	archiveVersion = 1;
	classes = {
	};
	objectVersion = 46;
	objects = {

/* Begin PBXBuildFile section */
		111737471C135E61000D2575 /* DAExtensions.swift in Sources */ = {isa = PBXBuildFile; fileRef = 111737461C135E61000D2575 /* DAExtensions.swift */; };
		1117375D1C138680000D2575 /* LineChart.swift in Sources */ = {isa = PBXBuildFile; fileRef = 1117375C1C138680000D2575 /* LineChart.swift */; };
		116D542D1C133DF90032BBF1 /* AppDelegate.swift in Sources */ = {isa = PBXBuildFile; fileRef = 116D542C1C133DF90032BBF1 /* AppDelegate.swift */; };
		116D542F1C133DF90032BBF1 /* DAViewController.swift in Sources */ = {isa = PBXBuildFile; fileRef = 116D542E1C133DF90032BBF1 /* DAViewController.swift */; };
		116D54321C133DF90032BBF1 /* Main.storyboard in Resources */ = {isa = PBXBuildFile; fileRef = 116D54301C133DF90032BBF1 /* Main.storyboard */; };
		116D54351C133DF90032BBF1 /* Diabetapp.xcdatamodeld in Sources */ = {isa = PBXBuildFile; fileRef = 116D54331C133DF90032BBF1 /* Diabetapp.xcdatamodeld */; };
		116D54371C133DF90032BBF1 /* Assets.xcassets in Resources */ = {isa = PBXBuildFile; fileRef = 116D54361C133DF90032BBF1 /* Assets.xcassets */; };
		116D543A1C133DF90032BBF1 /* LaunchScreen.storyboard in Resources */ = {isa = PBXBuildFile; fileRef = 116D54381C133DF90032BBF1 /* LaunchScreen.storyboard */; };
		116D54451C133DF90032BBF1 /* DiabetappTests.swift in Sources */ = {isa = PBXBuildFile; fileRef = 116D54441C133DF90032BBF1 /* DiabetappTests.swift */; };
		116D54501C133DF90032BBF1 /* DiabetappUITests.swift in Sources */ = {isa = PBXBuildFile; fileRef = 116D544F1C133DF90032BBF1 /* DiabetappUITests.swift */; };
		11DF2BE11C13BA19001B8937 /* DAServer.swift in Sources */ = {isa = PBXBuildFile; fileRef = 11DF2BE01C13BA19001B8937 /* DAServer.swift */; };
		2B4B69581C13527C0046F324 /* Interface.storyboard in Resources */ = {isa = PBXBuildFile; fileRef = 2B4B69561C13527C0046F324 /* Interface.storyboard */; };
		2B4B695A1C13527C0046F324 /* Assets.xcassets in Resources */ = {isa = PBXBuildFile; fileRef = 2B4B69591C13527C0046F324 /* Assets.xcassets */; };
		2B4B69611C13527C0046F324 /* Diabetapp for AppleWatch Extension.appex in Embed App Extensions */ = {isa = PBXBuildFile; fileRef = 2B4B69601C13527C0046F324 /* Diabetapp for AppleWatch Extension.appex */; settings = {ATTRIBUTES = (RemoveHeadersOnCopy, ); }; };
		2B4B69681C13527C0046F324 /* InterfaceController.swift in Sources */ = {isa = PBXBuildFile; fileRef = 2B4B69671C13527C0046F324 /* InterfaceController.swift */; };
		2B4B696A1C13527C0046F324 /* ExtensionDelegate.swift in Sources */ = {isa = PBXBuildFile; fileRef = 2B4B69691C13527C0046F324 /* ExtensionDelegate.swift */; };
		2B4B696C1C13527C0046F324 /* NotificationController.swift in Sources */ = {isa = PBXBuildFile; fileRef = 2B4B696B1C13527C0046F324 /* NotificationController.swift */; };
		2B4B696E1C13527C0046F324 /* GlanceController.swift in Sources */ = {isa = PBXBuildFile; fileRef = 2B4B696D1C13527C0046F324 /* GlanceController.swift */; };
		2B4B69701C13527C0046F324 /* ComplicationController.swift in Sources */ = {isa = PBXBuildFile; fileRef = 2B4B696F1C13527C0046F324 /* ComplicationController.swift */; };
		2B4B69721C13527C0046F324 /* Assets.xcassets in Resources */ = {isa = PBXBuildFile; fileRef = 2B4B69711C13527C0046F324 /* Assets.xcassets */; };
		2B4B69761C13527C0046F324 /* Diabetapp for AppleWatch.app in Embed Watch Content */ = {isa = PBXBuildFile; fileRef = 2B4B69541C13527C0046F324 /* Diabetapp for AppleWatch.app */; };
/* End PBXBuildFile section */

/* Begin PBXContainerItemProxy section */
		116D54411C133DF90032BBF1 /* PBXContainerItemProxy */ = {
			isa = PBXContainerItemProxy;
			containerPortal = 116D54211C133DF90032BBF1 /* Project object */;
			proxyType = 1;
			remoteGlobalIDString = 116D54281C133DF90032BBF1;
			remoteInfo = Diabetapp;
		};
		116D544C1C133DF90032BBF1 /* PBXContainerItemProxy */ = {
			isa = PBXContainerItemProxy;
			containerPortal = 116D54211C133DF90032BBF1 /* Project object */;
			proxyType = 1;
			remoteGlobalIDString = 116D54281C133DF90032BBF1;
			remoteInfo = Diabetapp;
		};
		2B4B69621C13527C0046F324 /* PBXContainerItemProxy */ = {
			isa = PBXContainerItemProxy;
			containerPortal = 116D54211C133DF90032BBF1 /* Project object */;
			proxyType = 1;
			remoteGlobalIDString = 2B4B695F1C13527C0046F324;
			remoteInfo = "Diabetapp for AppleWatch Extension";
		};
		2B4B69741C13527C0046F324 /* PBXContainerItemProxy */ = {
			isa = PBXContainerItemProxy;
			containerPortal = 116D54211C133DF90032BBF1 /* Project object */;
			proxyType = 1;
			remoteGlobalIDString = 2B4B69531C13527C0046F324;
			remoteInfo = "Diabetapp for AppleWatch";
		};
/* End PBXContainerItemProxy section */

/* Begin PBXCopyFilesBuildPhase section */
		111737581C136230000D2575 /* Embed Frameworks */ = {
			isa = PBXCopyFilesBuildPhase;
			buildActionMask = 2147483647;
			dstPath = "";
			dstSubfolderSpec = 10;
			files = (
			);
			name = "Embed Frameworks";
			runOnlyForDeploymentPostprocessing = 0;
		};
		2B4B697C1C13527C0046F324 /* Embed App Extensions */ = {
			isa = PBXCopyFilesBuildPhase;
			buildActionMask = 2147483647;
			dstPath = "";
			dstSubfolderSpec = 13;
			files = (
				2B4B69611C13527C0046F324 /* Diabetapp for AppleWatch Extension.appex in Embed App Extensions */,
			);
			name = "Embed App Extensions";
			runOnlyForDeploymentPostprocessing = 0;
		};
		2B4B697E1C13527C0046F324 /* Embed Watch Content */ = {
			isa = PBXCopyFilesBuildPhase;
			buildActionMask = 2147483647;
			dstPath = "$(CONTENTS_FOLDER_PATH)/Watch";
			dstSubfolderSpec = 16;
			files = (
				2B4B69761C13527C0046F324 /* Diabetapp for AppleWatch.app in Embed Watch Content */,
			);
			name = "Embed Watch Content";
			runOnlyForDeploymentPostprocessing = 0;
		};
/* End PBXCopyFilesBuildPhase section */

/* Begin PBXFileReference section */
		111737461C135E61000D2575 /* DAExtensions.swift */ = {isa = PBXFileReference; fileEncoding = 4; lastKnownFileType = sourcecode.swift; path = DAExtensions.swift; sourceTree = "<group>"; };
		1117375C1C138680000D2575 /* LineChart.swift */ = {isa = PBXFileReference; fileEncoding = 4; lastKnownFileType = sourcecode.swift; path = LineChart.swift; sourceTree = "<group>"; };
		116D54291C133DF90032BBF1 /* Diabetapp.app */ = {isa = PBXFileReference; explicitFileType = wrapper.application; includeInIndex = 0; path = Diabetapp.app; sourceTree = BUILT_PRODUCTS_DIR; };
		116D542C1C133DF90032BBF1 /* AppDelegate.swift */ = {isa = PBXFileReference; lastKnownFileType = sourcecode.swift; path = AppDelegate.swift; sourceTree = "<group>"; };
		116D542E1C133DF90032BBF1 /* DAViewController.swift */ = {isa = PBXFileReference; lastKnownFileType = sourcecode.swift; path = DAViewController.swift; sourceTree = "<group>"; };
		116D54311C133DF90032BBF1 /* Base */ = {isa = PBXFileReference; lastKnownFileType = file.storyboard; name = Base; path = Base.lproj/Main.storyboard; sourceTree = "<group>"; };
		116D54341C133DF90032BBF1 /* Diabetapp.xcdatamodel */ = {isa = PBXFileReference; lastKnownFileType = wrapper.xcdatamodel; path = Diabetapp.xcdatamodel; sourceTree = "<group>"; };
		116D54361C133DF90032BBF1 /* Assets.xcassets */ = {isa = PBXFileReference; lastKnownFileType = folder.assetcatalog; path = Assets.xcassets; sourceTree = "<group>"; };
		116D54391C133DF90032BBF1 /* Base */ = {isa = PBXFileReference; lastKnownFileType = file.storyboard; name = Base; path = Base.lproj/LaunchScreen.storyboard; sourceTree = "<group>"; };
		116D543B1C133DF90032BBF1 /* Info.plist */ = {isa = PBXFileReference; lastKnownFileType = text.plist.xml; path = Info.plist; sourceTree = "<group>"; };
		116D54401C133DF90032BBF1 /* DiabetappTests.xctest */ = {isa = PBXFileReference; explicitFileType = wrapper.cfbundle; includeInIndex = 0; path = DiabetappTests.xctest; sourceTree = BUILT_PRODUCTS_DIR; };
		116D54441C133DF90032BBF1 /* DiabetappTests.swift */ = {isa = PBXFileReference; lastKnownFileType = sourcecode.swift; path = DiabetappTests.swift; sourceTree = "<group>"; };
		116D54461C133DF90032BBF1 /* Info.plist */ = {isa = PBXFileReference; lastKnownFileType = text.plist.xml; path = Info.plist; sourceTree = "<group>"; };
		116D544B1C133DF90032BBF1 /* DiabetappUITests.xctest */ = {isa = PBXFileReference; explicitFileType = wrapper.cfbundle; includeInIndex = 0; path = DiabetappUITests.xctest; sourceTree = BUILT_PRODUCTS_DIR; };
		116D544F1C133DF90032BBF1 /* DiabetappUITests.swift */ = {isa = PBXFileReference; lastKnownFileType = sourcecode.swift; path = DiabetappUITests.swift; sourceTree = "<group>"; };
		116D54511C133DF90032BBF1 /* Info.plist */ = {isa = PBXFileReference; lastKnownFileType = text.plist.xml; path = Info.plist; sourceTree = "<group>"; };
		11DF2BDE1C139848001B8937 /* MyPlayground.playground */ = {isa = PBXFileReference; lastKnownFileType = file.playground; path = MyPlayground.playground; sourceTree = "<group>"; };
		11DF2BDF1C139A98001B8937 /* Graph.playground */ = {isa = PBXFileReference; lastKnownFileType = file.playground; path = Graph.playground; sourceTree = "<group>"; };
		11DF2BE01C13BA19001B8937 /* DAServer.swift */ = {isa = PBXFileReference; fileEncoding = 4; lastKnownFileType = sourcecode.swift; path = DAServer.swift; sourceTree = "<group>"; };
		2B4B69541C13527C0046F324 /* Diabetapp for AppleWatch.app */ = {isa = PBXFileReference; explicitFileType = wrapper.application; includeInIndex = 0; path = "Diabetapp for AppleWatch.app"; sourceTree = BUILT_PRODUCTS_DIR; };
		2B4B69571C13527C0046F324 /* Base */ = {isa = PBXFileReference; lastKnownFileType = file.storyboard; name = Base; path = Base.lproj/Interface.storyboard; sourceTree = "<group>"; };
		2B4B69591C13527C0046F324 /* Assets.xcassets */ = {isa = PBXFileReference; lastKnownFileType = folder.assetcatalog; path = Assets.xcassets; sourceTree = "<group>"; };
		2B4B695B1C13527C0046F324 /* Info.plist */ = {isa = PBXFileReference; lastKnownFileType = text.plist.xml; path = Info.plist; sourceTree = "<group>"; };
		2B4B69601C13527C0046F324 /* Diabetapp for AppleWatch Extension.appex */ = {isa = PBXFileReference; explicitFileType = "wrapper.app-extension"; includeInIndex = 0; path = "Diabetapp for AppleWatch Extension.appex"; sourceTree = BUILT_PRODUCTS_DIR; };
		2B4B69661C13527C0046F324 /* PushNotificationPayload.apns */ = {isa = PBXFileReference; lastKnownFileType = text; path = PushNotificationPayload.apns; sourceTree = "<group>"; };
		2B4B69671C13527C0046F324 /* InterfaceController.swift */ = {isa = PBXFileReference; lastKnownFileType = sourcecode.swift; path = InterfaceController.swift; sourceTree = "<group>"; };
		2B4B69691C13527C0046F324 /* ExtensionDelegate.swift */ = {isa = PBXFileReference; lastKnownFileType = sourcecode.swift; path = ExtensionDelegate.swift; sourceTree = "<group>"; };
		2B4B696B1C13527C0046F324 /* NotificationController.swift */ = {isa = PBXFileReference; lastKnownFileType = sourcecode.swift; path = NotificationController.swift; sourceTree = "<group>"; };
		2B4B696D1C13527C0046F324 /* GlanceController.swift */ = {isa = PBXFileReference; lastKnownFileType = sourcecode.swift; path = GlanceController.swift; sourceTree = "<group>"; };
		2B4B696F1C13527C0046F324 /* ComplicationController.swift */ = {isa = PBXFileReference; lastKnownFileType = sourcecode.swift; path = ComplicationController.swift; sourceTree = "<group>"; };
		2B4B69711C13527C0046F324 /* Assets.xcassets */ = {isa = PBXFileReference; lastKnownFileType = folder.assetcatalog; path = Assets.xcassets; sourceTree = "<group>"; };
		2B4B69731C13527C0046F324 /* Info.plist */ = {isa = PBXFileReference; lastKnownFileType = text.plist.xml; path = Info.plist; sourceTree = "<group>"; };
/* End PBXFileReference section */

/* Begin PBXFrameworksBuildPhase section */
		116D54261C133DF90032BBF1 /* Frameworks */ = {
			isa = PBXFrameworksBuildPhase;
			buildActionMask = 2147483647;
			files = (
			);
			runOnlyForDeploymentPostprocessing = 0;
		};
		116D543D1C133DF90032BBF1 /* Frameworks */ = {
			isa = PBXFrameworksBuildPhase;
			buildActionMask = 2147483647;
			files = (
			);
			runOnlyForDeploymentPostprocessing = 0;
		};
		116D54481C133DF90032BBF1 /* Frameworks */ = {
			isa = PBXFrameworksBuildPhase;
			buildActionMask = 2147483647;
			files = (
			);
			runOnlyForDeploymentPostprocessing = 0;
		};
		2B4B695D1C13527C0046F324 /* Frameworks */ = {
			isa = PBXFrameworksBuildPhase;
			buildActionMask = 2147483647;
			files = (
			);
			runOnlyForDeploymentPostprocessing = 0;
		};
/* End PBXFrameworksBuildPhase section */

/* Begin PBXGroup section */
		116D54201C133DF90032BBF1 = {
			isa = PBXGroup;
			children = (
				116D542B1C133DF90032BBF1 /* Diabetapp */,
				116D54431C133DF90032BBF1 /* DiabetappTests */,
				116D544E1C133DF90032BBF1 /* DiabetappUITests */,
				2B4B69551C13527C0046F324 /* Diabetapp for AppleWatch */,
				2B4B69641C13527C0046F324 /* Diabetapp for AppleWatch Extension */,
				116D542A1C133DF90032BBF1 /* Products */,
			);
			sourceTree = "<group>";
		};
		116D542A1C133DF90032BBF1 /* Products */ = {
			isa = PBXGroup;
			children = (
				116D54291C133DF90032BBF1 /* Diabetapp.app */,
				116D54401C133DF90032BBF1 /* DiabetappTests.xctest */,
				116D544B1C133DF90032BBF1 /* DiabetappUITests.xctest */,
				2B4B69541C13527C0046F324 /* Diabetapp for AppleWatch.app */,
				2B4B69601C13527C0046F324 /* Diabetapp for AppleWatch Extension.appex */,
			);
			name = Products;
			sourceTree = "<group>";
		};
		116D542B1C133DF90032BBF1 /* Diabetapp */ = {
			isa = PBXGroup;
			children = (
				116D54601C1345FC0032BBF1 /* Model */,
				116D54621C13460B0032BBF1 /* Controller */,
				116D54611C1346070032BBF1 /* View */,
				116D54361C133DF90032BBF1 /* Assets.xcassets */,
				116D543B1C133DF90032BBF1 /* Info.plist */,
				116D54331C133DF90032BBF1 /* Diabetapp.xcdatamodeld */,
			);
			path = Diabetapp;
			sourceTree = "<group>";
		};
		116D54431C133DF90032BBF1 /* DiabetappTests */ = {
			isa = PBXGroup;
			children = (
				116D54441C133DF90032BBF1 /* DiabetappTests.swift */,
				116D54461C133DF90032BBF1 /* Info.plist */,
			);
			path = DiabetappTests;
			sourceTree = "<group>";
		};
		116D544E1C133DF90032BBF1 /* DiabetappUITests */ = {
			isa = PBXGroup;
			children = (
				116D544F1C133DF90032BBF1 /* DiabetappUITests.swift */,
				116D54511C133DF90032BBF1 /* Info.plist */,
			);
			path = DiabetappUITests;
			sourceTree = "<group>";
		};
		116D54601C1345FC0032BBF1 /* Model */ = {
			isa = PBXGroup;
			children = (
				1117375C1C138680000D2575 /* LineChart.swift */,
				11DF2BE01C13BA19001B8937 /* DAServer.swift */,
				111737461C135E61000D2575 /* DAExtensions.swift */,
				11DF2BDF1C139A98001B8937 /* Graph.playground */,
				11DF2BDE1C139848001B8937 /* MyPlayground.playground */,
			);
			name = Model;
			sourceTree = "<group>";
		};
		116D54611C1346070032BBF1 /* View */ = {
			isa = PBXGroup;
			children = (
				116D54301C133DF90032BBF1 /* Main.storyboard */,
				116D54381C133DF90032BBF1 /* LaunchScreen.storyboard */,
			);
			name = View;
			sourceTree = "<group>";
		};
		116D54621C13460B0032BBF1 /* Controller */ = {
			isa = PBXGroup;
			children = (
				116D542C1C133DF90032BBF1 /* AppDelegate.swift */,
				116D542E1C133DF90032BBF1 /* DAViewController.swift */,
			);
			name = Controller;
			sourceTree = "<group>";
		};
		2B4B69551C13527C0046F324 /* Diabetapp for AppleWatch */ = {
			isa = PBXGroup;
			children = (
				2B4B69561C13527C0046F324 /* Interface.storyboard */,
				2B4B69591C13527C0046F324 /* Assets.xcassets */,
				2B4B695B1C13527C0046F324 /* Info.plist */,
			);
			path = "Diabetapp for AppleWatch";
			sourceTree = "<group>";
		};
		2B4B69641C13527C0046F324 /* Diabetapp for AppleWatch Extension */ = {
			isa = PBXGroup;
			children = (
				2B4B69671C13527C0046F324 /* InterfaceController.swift */,
				2B4B69691C13527C0046F324 /* ExtensionDelegate.swift */,
				2B4B696B1C13527C0046F324 /* NotificationController.swift */,
				2B4B696D1C13527C0046F324 /* GlanceController.swift */,
				2B4B696F1C13527C0046F324 /* ComplicationController.swift */,
				2B4B69711C13527C0046F324 /* Assets.xcassets */,
				2B4B69731C13527C0046F324 /* Info.plist */,
				2B4B69651C13527C0046F324 /* Supporting Files */,
			);
			path = "Diabetapp for AppleWatch Extension";
			sourceTree = "<group>";
		};
		2B4B69651C13527C0046F324 /* Supporting Files */ = {
			isa = PBXGroup;
			children = (
				2B4B69661C13527C0046F324 /* PushNotificationPayload.apns */,
			);
			name = "Supporting Files";
			sourceTree = "<group>";
		};
/* End PBXGroup section */

/* Begin PBXNativeTarget section */
		116D54281C133DF90032BBF1 /* Diabetapp */ = {
			isa = PBXNativeTarget;
			buildConfigurationList = 116D54541C133DF90032BBF1 /* Build configuration list for PBXNativeTarget "Diabetapp" */;
			buildPhases = (
				116D54251C133DF90032BBF1 /* Sources */,
				116D54261C133DF90032BBF1 /* Frameworks */,
				116D54271C133DF90032BBF1 /* Resources */,
				2B4B697E1C13527C0046F324 /* Embed Watch Content */,
				111737581C136230000D2575 /* Embed Frameworks */,
			);
			buildRules = (
			);
			dependencies = (
				2B4B69751C13527C0046F324 /* PBXTargetDependency */,
			);
			name = Diabetapp;
			productName = Diabetapp;
			productReference = 116D54291C133DF90032BBF1 /* Diabetapp.app */;
			productType = "com.apple.product-type.application";
		};
		116D543F1C133DF90032BBF1 /* DiabetappTests */ = {
			isa = PBXNativeTarget;
			buildConfigurationList = 116D54571C133DF90032BBF1 /* Build configuration list for PBXNativeTarget "DiabetappTests" */;
			buildPhases = (
				116D543C1C133DF90032BBF1 /* Sources */,
				116D543D1C133DF90032BBF1 /* Frameworks */,
				116D543E1C133DF90032BBF1 /* Resources */,
			);
			buildRules = (
			);
			dependencies = (
				116D54421C133DF90032BBF1 /* PBXTargetDependency */,
			);
			name = DiabetappTests;
			productName = DiabetappTests;
			productReference = 116D54401C133DF90032BBF1 /* DiabetappTests.xctest */;
			productType = "com.apple.product-type.bundle.unit-test";
		};
		116D544A1C133DF90032BBF1 /* DiabetappUITests */ = {
			isa = PBXNativeTarget;
			buildConfigurationList = 116D545A1C133DF90032BBF1 /* Build configuration list for PBXNativeTarget "DiabetappUITests" */;
			buildPhases = (
				116D54471C133DF90032BBF1 /* Sources */,
				116D54481C133DF90032BBF1 /* Frameworks */,
				116D54491C133DF90032BBF1 /* Resources */,
			);
			buildRules = (
			);
			dependencies = (
				116D544D1C133DF90032BBF1 /* PBXTargetDependency */,
			);
			name = DiabetappUITests;
			productName = DiabetappUITests;
			productReference = 116D544B1C133DF90032BBF1 /* DiabetappUITests.xctest */;
			productType = "com.apple.product-type.bundle.ui-testing";
		};
		2B4B69531C13527C0046F324 /* Diabetapp for AppleWatch */ = {
			isa = PBXNativeTarget;
			buildConfigurationList = 2B4B697D1C13527C0046F324 /* Build configuration list for PBXNativeTarget "Diabetapp for AppleWatch" */;
			buildPhases = (
				2B4B69521C13527C0046F324 /* Resources */,
				2B4B697C1C13527C0046F324 /* Embed App Extensions */,
			);
			buildRules = (
			);
			dependencies = (
				2B4B69631C13527C0046F324 /* PBXTargetDependency */,
			);
			name = "Diabetapp for AppleWatch";
			productName = "Diabetapp for AppleWatch";
			productReference = 2B4B69541C13527C0046F324 /* Diabetapp for AppleWatch.app */;
			productType = "com.apple.product-type.application.watchapp2";
		};
		2B4B695F1C13527C0046F324 /* Diabetapp for AppleWatch Extension */ = {
			isa = PBXNativeTarget;
			buildConfigurationList = 2B4B697B1C13527C0046F324 /* Build configuration list for PBXNativeTarget "Diabetapp for AppleWatch Extension" */;
			buildPhases = (
				2B4B695C1C13527C0046F324 /* Sources */,
				2B4B695D1C13527C0046F324 /* Frameworks */,
				2B4B695E1C13527C0046F324 /* Resources */,
			);
			buildRules = (
			);
			dependencies = (
			);
			name = "Diabetapp for AppleWatch Extension";
			productName = "Diabetapp for AppleWatch Extension";
			productReference = 2B4B69601C13527C0046F324 /* Diabetapp for AppleWatch Extension.appex */;
			productType = "com.apple.product-type.watchkit2-extension";
		};
/* End PBXNativeTarget section */

/* Begin PBXProject section */
		116D54211C133DF90032BBF1 /* Project object */ = {
			isa = PBXProject;
			attributes = {
				LastSwiftUpdateCheck = 0710;
				LastUpgradeCheck = 0710;
				ORGANIZATIONNAME = Diabetapp;
				TargetAttributes = {
					116D54281C133DF90032BBF1 = {
						CreatedOnToolsVersion = 7.1.1;
					};
					116D543F1C133DF90032BBF1 = {
						CreatedOnToolsVersion = 7.1.1;
						TestTargetID = 116D54281C133DF90032BBF1;
					};
					116D544A1C133DF90032BBF1 = {
						CreatedOnToolsVersion = 7.1.1;
						TestTargetID = 116D54281C133DF90032BBF1;
					};
					2B4B69531C13527C0046F324 = {
						CreatedOnToolsVersion = 7.1.1;
					};
					2B4B695F1C13527C0046F324 = {
						CreatedOnToolsVersion = 7.1.1;
						DevelopmentTeam = G6TTA6H999;
					};
				};
			};
			buildConfigurationList = 116D54241C133DF90032BBF1 /* Build configuration list for PBXProject "Diabetapp" */;
			compatibilityVersion = "Xcode 3.2";
			developmentRegion = English;
			hasScannedForEncodings = 0;
			knownRegions = (
				en,
				Base,
			);
			mainGroup = 116D54201C133DF90032BBF1;
			productRefGroup = 116D542A1C133DF90032BBF1 /* Products */;
			projectDirPath = "";
			projectRoot = "";
			targets = (
				116D54281C133DF90032BBF1 /* Diabetapp */,
				116D543F1C133DF90032BBF1 /* DiabetappTests */,
				116D544A1C133DF90032BBF1 /* DiabetappUITests */,
				2B4B69531C13527C0046F324 /* Diabetapp for AppleWatch */,
				2B4B695F1C13527C0046F324 /* Diabetapp for AppleWatch Extension */,
			);
		};
/* End PBXProject section */

/* Begin PBXResourcesBuildPhase section */
		116D54271C133DF90032BBF1 /* Resources */ = {
			isa = PBXResourcesBuildPhase;
			buildActionMask = 2147483647;
			files = (
				116D543A1C133DF90032BBF1 /* LaunchScreen.storyboard in Resources */,
				116D54371C133DF90032BBF1 /* Assets.xcassets in Resources */,
				116D54321C133DF90032BBF1 /* Main.storyboard in Resources */,
			);
			runOnlyForDeploymentPostprocessing = 0;
		};
		116D543E1C133DF90032BBF1 /* Resources */ = {
			isa = PBXResourcesBuildPhase;
			buildActionMask = 2147483647;
			files = (
			);
			runOnlyForDeploymentPostprocessing = 0;
		};
		116D54491C133DF90032BBF1 /* Resources */ = {
			isa = PBXResourcesBuildPhase;
			buildActionMask = 2147483647;
			files = (
			);
			runOnlyForDeploymentPostprocessing = 0;
		};
		2B4B69521C13527C0046F324 /* Resources */ = {
			isa = PBXResourcesBuildPhase;
			buildActionMask = 2147483647;
			files = (
				2B4B695A1C13527C0046F324 /* Assets.xcassets in Resources */,
				2B4B69581C13527C0046F324 /* Interface.storyboard in Resources */,
			);
			runOnlyForDeploymentPostprocessing = 0;
		};
		2B4B695E1C13527C0046F324 /* Resources */ = {
			isa = PBXResourcesBuildPhase;
			buildActionMask = 2147483647;
			files = (
				2B4B69721C13527C0046F324 /* Assets.xcassets in Resources */,
			);
			runOnlyForDeploymentPostprocessing = 0;
		};
/* End PBXResourcesBuildPhase section */

/* Begin PBXSourcesBuildPhase section */
		116D54251C133DF90032BBF1 /* Sources */ = {
			isa = PBXSourcesBuildPhase;
			buildActionMask = 2147483647;
			files = (
				116D542F1C133DF90032BBF1 /* DAViewController.swift in Sources */,
				116D542D1C133DF90032BBF1 /* AppDelegate.swift in Sources */,
				111737471C135E61000D2575 /* DAExtensions.swift in Sources */,
				116D54351C133DF90032BBF1 /* Diabetapp.xcdatamodeld in Sources */,
				1117375D1C138680000D2575 /* LineChart.swift in Sources */,
				11DF2BE11C13BA19001B8937 /* DAServer.swift in Sources */,
			);
			runOnlyForDeploymentPostprocessing = 0;
		};
		116D543C1C133DF90032BBF1 /* Sources */ = {
			isa = PBXSourcesBuildPhase;
			buildActionMask = 2147483647;
			files = (
				116D54451C133DF90032BBF1 /* DiabetappTests.swift in Sources */,
			);
			runOnlyForDeploymentPostprocessing = 0;
		};
		116D54471C133DF90032BBF1 /* Sources */ = {
			isa = PBXSourcesBuildPhase;
			buildActionMask = 2147483647;
			files = (
				116D54501C133DF90032BBF1 /* DiabetappUITests.swift in Sources */,
			);
			runOnlyForDeploymentPostprocessing = 0;
		};
		2B4B695C1C13527C0046F324 /* Sources */ = {
			isa = PBXSourcesBuildPhase;
			buildActionMask = 2147483647;
			files = (
				2B4B696C1C13527C0046F324 /* NotificationController.swift in Sources */,
				2B4B696A1C13527C0046F324 /* ExtensionDelegate.swift in Sources */,
				2B4B69701C13527C0046F324 /* ComplicationController.swift in Sources */,
				2B4B69681C13527C0046F324 /* InterfaceController.swift in Sources */,
				2B4B696E1C13527C0046F324 /* GlanceController.swift in Sources */,
			);
			runOnlyForDeploymentPostprocessing = 0;
		};
/* End PBXSourcesBuildPhase section */

/* Begin PBXTargetDependency section */
		116D54421C133DF90032BBF1 /* PBXTargetDependency */ = {
			isa = PBXTargetDependency;
			target = 116D54281C133DF90032BBF1 /* Diabetapp */;
			targetProxy = 116D54411C133DF90032BBF1 /* PBXContainerItemProxy */;
		};
		116D544D1C133DF90032BBF1 /* PBXTargetDependency */ = {
			isa = PBXTargetDependency;
			target = 116D54281C133DF90032BBF1 /* Diabetapp */;
			targetProxy = 116D544C1C133DF90032BBF1 /* PBXContainerItemProxy */;
		};
		2B4B69631C13527C0046F324 /* PBXTargetDependency */ = {
			isa = PBXTargetDependency;
			target = 2B4B695F1C13527C0046F324 /* Diabetapp for AppleWatch Extension */;
			targetProxy = 2B4B69621C13527C0046F324 /* PBXContainerItemProxy */;
		};
		2B4B69751C13527C0046F324 /* PBXTargetDependency */ = {
			isa = PBXTargetDependency;
			target = 2B4B69531C13527C0046F324 /* Diabetapp for AppleWatch */;
			targetProxy = 2B4B69741C13527C0046F324 /* PBXContainerItemProxy */;
		};
/* End PBXTargetDependency section */

/* Begin PBXVariantGroup section */
		116D54301C133DF90032BBF1 /* Main.storyboard */ = {
			isa = PBXVariantGroup;
			children = (
				116D54311C133DF90032BBF1 /* Base */,
			);
			name = Main.storyboard;
			sourceTree = "<group>";
		};
		116D54381C133DF90032BBF1 /* LaunchScreen.storyboard */ = {
			isa = PBXVariantGroup;
			children = (
				116D54391C133DF90032BBF1 /* Base */,
			);
			name = LaunchScreen.storyboard;
			sourceTree = "<group>";
		};
		2B4B69561C13527C0046F324 /* Interface.storyboard */ = {
			isa = PBXVariantGroup;
			children = (
				2B4B69571C13527C0046F324 /* Base */,
			);
			name = Interface.storyboard;
			sourceTree = "<group>";
		};
/* End PBXVariantGroup section */

/* Begin XCBuildConfiguration section */
		116D54521C133DF90032BBF1 /* Debug */ = {
			isa = XCBuildConfiguration;
			buildSettings = {
				ALWAYS_SEARCH_USER_PATHS = NO;
				CLANG_CXX_LANGUAGE_STANDARD = "gnu++0x";
				CLANG_CXX_LIBRARY = "libc++";
				CLANG_ENABLE_MODULES = YES;
				CLANG_ENABLE_OBJC_ARC = YES;
				CLANG_WARN_BOOL_CONVERSION = YES;
				CLANG_WARN_CONSTANT_CONVERSION = YES;
				CLANG_WARN_DIRECT_OBJC_ISA_USAGE = YES_ERROR;
				CLANG_WARN_EMPTY_BODY = YES;
				CLANG_WARN_ENUM_CONVERSION = YES;
				CLANG_WARN_INT_CONVERSION = YES;
				CLANG_WARN_OBJC_ROOT_CLASS = YES_ERROR;
				CLANG_WARN_UNREACHABLE_CODE = YES;
				CLANG_WARN__DUPLICATE_METHOD_MATCH = YES;
				"CODE_SIGN_IDENTITY[sdk=iphoneos*]" = "iPhone Developer";
				COPY_PHASE_STRIP = NO;
				DEBUG_INFORMATION_FORMAT = dwarf;
				ENABLE_STRICT_OBJC_MSGSEND = YES;
				ENABLE_TESTABILITY = YES;
				GCC_C_LANGUAGE_STANDARD = gnu99;
				GCC_DYNAMIC_NO_PIC = NO;
				GCC_NO_COMMON_BLOCKS = YES;
				GCC_OPTIMIZATION_LEVEL = 0;
				GCC_PREPROCESSOR_DEFINITIONS = (
					"DEBUG=1",
					"$(inherited)",
				);
				GCC_WARN_64_TO_32_BIT_CONVERSION = YES;
				GCC_WARN_ABOUT_RETURN_TYPE = YES_ERROR;
				GCC_WARN_UNDECLARED_SELECTOR = YES;
				GCC_WARN_UNINITIALIZED_AUTOS = YES_AGGRESSIVE;
				GCC_WARN_UNUSED_FUNCTION = YES;
				GCC_WARN_UNUSED_VARIABLE = YES;
				IPHONEOS_DEPLOYMENT_TARGET = 9.1;
				MTL_ENABLE_DEBUG_INFO = YES;
				ONLY_ACTIVE_ARCH = YES;
				SDKROOT = iphoneos;
				SWIFT_OPTIMIZATION_LEVEL = "-Onone";
			};
			name = Debug;
		};
		116D54531C133DF90032BBF1 /* Release */ = {
			isa = XCBuildConfiguration;
			buildSettings = {
				ALWAYS_SEARCH_USER_PATHS = NO;
				CLANG_CXX_LANGUAGE_STANDARD = "gnu++0x";
				CLANG_CXX_LIBRARY = "libc++";
				CLANG_ENABLE_MODULES = YES;
				CLANG_ENABLE_OBJC_ARC = YES;
				CLANG_WARN_BOOL_CONVERSION = YES;
				CLANG_WARN_CONSTANT_CONVERSION = YES;
				CLANG_WARN_DIRECT_OBJC_ISA_USAGE = YES_ERROR;
				CLANG_WARN_EMPTY_BODY = YES;
				CLANG_WARN_ENUM_CONVERSION = YES;
				CLANG_WARN_INT_CONVERSION = YES;
				CLANG_WARN_OBJC_ROOT_CLASS = YES_ERROR;
				CLANG_WARN_UNREACHABLE_CODE = YES;
				CLANG_WARN__DUPLICATE_METHOD_MATCH = YES;
				"CODE_SIGN_IDENTITY[sdk=iphoneos*]" = "iPhone Developer";
				COPY_PHASE_STRIP = NO;
				DEBUG_INFORMATION_FORMAT = "dwarf-with-dsym";
				ENABLE_NS_ASSERTIONS = NO;
				ENABLE_STRICT_OBJC_MSGSEND = YES;
				GCC_C_LANGUAGE_STANDARD = gnu99;
				GCC_NO_COMMON_BLOCKS = YES;
				GCC_WARN_64_TO_32_BIT_CONVERSION = YES;
				GCC_WARN_ABOUT_RETURN_TYPE = YES_ERROR;
				GCC_WARN_UNDECLARED_SELECTOR = YES;
				GCC_WARN_UNINITIALIZED_AUTOS = YES_AGGRESSIVE;
				GCC_WARN_UNUSED_FUNCTION = YES;
				GCC_WARN_UNUSED_VARIABLE = YES;
				IPHONEOS_DEPLOYMENT_TARGET = 9.1;
				MTL_ENABLE_DEBUG_INFO = NO;
				SDKROOT = iphoneos;
				VALIDATE_PRODUCT = YES;
			};
			name = Release;
		};
		116D54551C133DF90032BBF1 /* Debug */ = {
			isa = XCBuildConfiguration;
			buildSettings = {
				ASSETCATALOG_COMPILER_APPICON_NAME = AppIcon;
				EMBEDDED_CONTENT_CONTAINS_SWIFT = YES;
				INFOPLIST_FILE = Diabetapp/Info.plist;
				IPHONEOS_DEPLOYMENT_TARGET = 9.0;
				LD_RUNPATH_SEARCH_PATHS = "$(inherited) @executable_path/Frameworks";
				PRODUCT_BUNDLE_IDENTIFIER = com.tc2015.Diabetapp;
				PRODUCT_NAME = "$(TARGET_NAME)";
			};
			name = Debug;
		};
		116D54561C133DF90032BBF1 /* Release */ = {
			isa = XCBuildConfiguration;
			buildSettings = {
				ASSETCATALOG_COMPILER_APPICON_NAME = AppIcon;
				EMBEDDED_CONTENT_CONTAINS_SWIFT = YES;
				INFOPLIST_FILE = Diabetapp/Info.plist;
				IPHONEOS_DEPLOYMENT_TARGET = 9.0;
				LD_RUNPATH_SEARCH_PATHS = "$(inherited) @executable_path/Frameworks";
				PRODUCT_BUNDLE_IDENTIFIER = com.tc2015.Diabetapp;
				PRODUCT_NAME = "$(TARGET_NAME)";
			};
			name = Release;
		};
		116D54581C133DF90032BBF1 /* Debug */ = {
			isa = XCBuildConfiguration;
			buildSettings = {
				BUNDLE_LOADER = "$(TEST_HOST)";
				INFOPLIST_FILE = DiabetappTests/Info.plist;
				LD_RUNPATH_SEARCH_PATHS = "$(inherited) @executable_path/Frameworks @loader_path/Frameworks";
				PRODUCT_BUNDLE_IDENTIFIER = com.tc2015.DiabetappTests;
				PRODUCT_NAME = "$(TARGET_NAME)";
				TEST_HOST = "$(BUILT_PRODUCTS_DIR)/Diabetapp.app/Diabetapp";
			};
			name = Debug;
		};
		116D54591C133DF90032BBF1 /* Release */ = {
			isa = XCBuildConfiguration;
			buildSettings = {
				BUNDLE_LOADER = "$(TEST_HOST)";
				INFOPLIST_FILE = DiabetappTests/Info.plist;
				LD_RUNPATH_SEARCH_PATHS = "$(inherited) @executable_path/Frameworks @loader_path/Frameworks";
				PRODUCT_BUNDLE_IDENTIFIER = com.tc2015.DiabetappTests;
				PRODUCT_NAME = "$(TARGET_NAME)";
				TEST_HOST = "$(BUILT_PRODUCTS_DIR)/Diabetapp.app/Diabetapp";
			};
			name = Release;
		};
		116D545B1C133DF90032BBF1 /* Debug */ = {
			isa = XCBuildConfiguration;
			buildSettings = {
				INFOPLIST_FILE = DiabetappUITests/Info.plist;
				LD_RUNPATH_SEARCH_PATHS = "$(inherited) @executable_path/Frameworks @loader_path/Frameworks";
				PRODUCT_BUNDLE_IDENTIFIER = com.tc2015.DiabetappUITests;
				PRODUCT_NAME = "$(TARGET_NAME)";
				TEST_TARGET_NAME = Diabetapp;
				USES_XCTRUNNER = YES;
			};
			name = Debug;
		};
		116D545C1C133DF90032BBF1 /* Release */ = {
			isa = XCBuildConfiguration;
			buildSettings = {
				INFOPLIST_FILE = DiabetappUITests/Info.plist;
				LD_RUNPATH_SEARCH_PATHS = "$(inherited) @executable_path/Frameworks @loader_path/Frameworks";
				PRODUCT_BUNDLE_IDENTIFIER = com.tc2015.DiabetappUITests;
				PRODUCT_NAME = "$(TARGET_NAME)";
				TEST_TARGET_NAME = Diabetapp;
				USES_XCTRUNNER = YES;
			};
			name = Release;
		};
		2B4B69771C13527C0046F324 /* Debug */ = {
			isa = XCBuildConfiguration;
			buildSettings = {
				ASSETCATALOG_COMPILER_APPICON_NAME = AppIcon;
				EMBEDDED_CONTENT_CONTAINS_SWIFT = YES;
				IBSC_MODULE = Diabetapp_for_AppleWatch_Extension;
				INFOPLIST_FILE = "Diabetapp for AppleWatch/Info.plist";
				PRODUCT_BUNDLE_IDENTIFIER = com.tc2015.Diabetapp.watchkitapp;
				PRODUCT_NAME = "$(TARGET_NAME)";
				SDKROOT = watchos;
				SKIP_INSTALL = YES;
				TARGETED_DEVICE_FAMILY = 4;
				WATCHOS_DEPLOYMENT_TARGET = 2.0;
			};
			name = Debug;
		};
		2B4B69781C13527C0046F324 /* Release */ = {
			isa = XCBuildConfiguration;
			buildSettings = {
				ASSETCATALOG_COMPILER_APPICON_NAME = AppIcon;
				EMBEDDED_CONTENT_CONTAINS_SWIFT = YES;
				IBSC_MODULE = Diabetapp_for_AppleWatch_Extension;
				INFOPLIST_FILE = "Diabetapp for AppleWatch/Info.plist";
				PRODUCT_BUNDLE_IDENTIFIER = com.tc2015.Diabetapp.watchkitapp;
				PRODUCT_NAME = "$(TARGET_NAME)";
				SDKROOT = watchos;
				SKIP_INSTALL = YES;
				TARGETED_DEVICE_FAMILY = 4;
				WATCHOS_DEPLOYMENT_TARGET = 2.0;
			};
			name = Release;
		};
		2B4B69791C13527C0046F324 /* Debug */ = {
			isa = XCBuildConfiguration;
			buildSettings = {
				ASSETCATALOG_COMPILER_COMPLICATION_NAME = Complication;
				CODE_SIGN_IDENTITY = "iPhone Developer";
				"CODE_SIGN_IDENTITY[sdk=watchos*]" = "iPhone Developer";
				INFOPLIST_FILE = "Diabetapp for AppleWatch Extension/Info.plist";
				LD_RUNPATH_SEARCH_PATHS = "$(inherited) @executable_path/Frameworks @executable_path/../../Frameworks";
				PRODUCT_BUNDLE_IDENTIFIER = com.tc2015.Diabetapp.watchkitapp.watchkitextension;
				PRODUCT_NAME = "${TARGET_NAME}";
				PROVISIONING_PROFILE = "";
				SDKROOT = watchos;
				SKIP_INSTALL = YES;
				TARGETED_DEVICE_FAMILY = 4;
				WATCHOS_DEPLOYMENT_TARGET = 2.0;
			};
			name = Debug;
		};
		2B4B697A1C13527C0046F324 /* Release */ = {
			isa = XCBuildConfiguration;
			buildSettings = {
				ASSETCATALOG_COMPILER_COMPLICATION_NAME = Complication;
				CODE_SIGN_IDENTITY = "iPhone Developer";
				"CODE_SIGN_IDENTITY[sdk=watchos*]" = "iPhone Developer";
				INFOPLIST_FILE = "Diabetapp for AppleWatch Extension/Info.plist";
				LD_RUNPATH_SEARCH_PATHS = "$(inherited) @executable_path/Frameworks @executable_path/../../Frameworks";
				PRODUCT_BUNDLE_IDENTIFIER = com.tc2015.Diabetapp.watchkitapp.watchkitextension;
				PRODUCT_NAME = "${TARGET_NAME}";
				PROVISIONING_PROFILE = "";
				SDKROOT = watchos;
				SKIP_INSTALL = YES;
				TARGETED_DEVICE_FAMILY = 4;
				WATCHOS_DEPLOYMENT_TARGET = 2.0;
			};
			name = Release;
		};
/* End XCBuildConfiguration section */

/* Begin XCConfigurationList section */
		116D54241C133DF90032BBF1 /* Build configuration list for PBXProject "Diabetapp" */ = {
			isa = XCConfigurationList;
			buildConfigurations = (
				116D54521C133DF90032BBF1 /* Debug */,
				116D54531C133DF90032BBF1 /* Release */,
			);
			defaultConfigurationIsVisible = 0;
			defaultConfigurationName = Release;
		};
		116D54541C133DF90032BBF1 /* Build configuration list for PBXNativeTarget "Diabetapp" */ = {
			isa = XCConfigurationList;
			buildConfigurations = (
				116D54551C133DF90032BBF1 /* Debug */,
				116D54561C133DF90032BBF1 /* Release */,
			);
			defaultConfigurationIsVisible = 0;
			defaultConfigurationName = Release;
		};
		116D54571C133DF90032BBF1 /* Build configuration list for PBXNativeTarget "DiabetappTests" */ = {
			isa = XCConfigurationList;
			buildConfigurations = (
				116D54581C133DF90032BBF1 /* Debug */,
				116D54591C133DF90032BBF1 /* Release */,
			);
			defaultConfigurationIsVisible = 0;
			defaultConfigurationName = Release;
		};
		116D545A1C133DF90032BBF1 /* Build configuration list for PBXNativeTarget "DiabetappUITests" */ = {
			isa = XCConfigurationList;
			buildConfigurations = (
				116D545B1C133DF90032BBF1 /* Debug */,
				116D545C1C133DF90032BBF1 /* Release */,
			);
			defaultConfigurationIsVisible = 0;
			defaultConfigurationName = Release;
		};
		2B4B697B1C13527C0046F324 /* Build configuration list for PBXNativeTarget "Diabetapp for AppleWatch Extension" */ = {
			isa = XCConfigurationList;
			buildConfigurations = (
				2B4B69791C13527C0046F324 /* Debug */,
				2B4B697A1C13527C0046F324 /* Release */,
			);
			defaultConfigurationIsVisible = 0;
			defaultConfigurationName = Release;
		};
		2B4B697D1C13527C0046F324 /* Build configuration list for PBXNativeTarget "Diabetapp for AppleWatch" */ = {
			isa = XCConfigurationList;
			buildConfigurations = (
				2B4B69771C13527C0046F324 /* Debug */,
				2B4B69781C13527C0046F324 /* Release */,
			);
			defaultConfigurationIsVisible = 0;
			defaultConfigurationName = Release;
		};
/* End XCConfigurationList section */

/* Begin XCVersionGroup section */
		116D54331C133DF90032BBF1 /* Diabetapp.xcdatamodeld */ = {
			isa = XCVersionGroup;
			children = (
				116D54341C133DF90032BBF1 /* Diabetapp.xcdatamodel */,
			);
			currentVersion = 116D54341C133DF90032BBF1 /* Diabetapp.xcdatamodel */;
			path = Diabetapp.xcdatamodeld;
			sourceTree = "<group>";
			versionGroupType = wrapper.xcdatamodel;
		};
/* End XCVersionGroup section */
	};
	rootObject = 116D54211C133DF90032BBF1 /* Project object */;
}
